
Microsoft Visual Studio Solution File, Format Version 12.00
# Visual Studio Version 17
VisualStudioVersion = 17.10.35013.160
MinimumVisualStudioVersion = 10.0.40219.1
Project("{FAE04EC0-301F-11D3-BF4B-00C04F79EFBC}") = "QuizAppApi", "QuizAppApi\QuizAppApi.csproj", "{33959912-014F-4AFB-AB50-A9A7A6EAC20D}"
EndProject
Global
	GlobalSection(SolutionConfigurationPlatforms) = preSolution
		Debug|Any CPU = Debug|Any CPU
		Release|Any CPU = Release|Any CPU
	EndGlobalSection
	GlobalSection(ProjectConfigurationPlatforms) = postSolution
		{33959912-014F-4AFB-AB50-A9A7A6EAC20D}.Debug|Any CPU.ActiveCfg = Debug|Any CPU
		{33959912-014F-4AFB-AB50-A9A7A6EAC20D}.Debug|Any CPU.Build.0 = Debug|Any CPU
		{33959912-014F-4AFB-AB50-A9A7A6EAC20D}.Release|Any CPU.ActiveCfg = Release|Any CPU
		{33959912-014F-4AFB-AB50-A9A7A6EAC20D}.Release|Any CPU.Build.0 = Release|Any CPU
	EndGlobalSection
	GlobalSection(SolutionProperties) = preSolution
		HideSolutionNode = FALSE
	EndGlobalSection
	GlobalSection(ExtensibilityGlobals) = postSolution
		SolutionGuid = {E22FB0CA-140B-4A06-93E2-3FFB1630E1E4}
	EndGlobalSection
EndGlobal
